// !$*UTF8*$!
{
	archiveVersion = 1;
	classes = {
	};
	objectVersion = 56;
	objects = {

/* Begin PBXBuildFile section */
		1800B48829D07BF3008B37E1 /* AppDelegate.swift in Sources */ = {isa = PBXBuildFile; fileRef = 1800B48729D07BF3008B37E1 /* AppDelegate.swift */; };
		1800B48A29D07BF3008B37E1 /* SceneDelegate.swift in Sources */ = {isa = PBXBuildFile; fileRef = 1800B48929D07BF3008B37E1 /* SceneDelegate.swift */; };
		1800B48C29D07BF3008B37E1 /* ViewController.swift in Sources */ = {isa = PBXBuildFile; fileRef = 1800B48B29D07BF3008B37E1 /* ViewController.swift */; };
		1800B48F29D07BF3008B37E1 /* Main.storyboard in Resources */ = {isa = PBXBuildFile; fileRef = 1800B48D29D07BF3008B37E1 /* Main.storyboard */; };
		1800B49129D07BF4008B37E1 /* Assets.xcassets in Resources */ = {isa = PBXBuildFile; fileRef = 1800B49029D07BF4008B37E1 /* Assets.xcassets */; };
		1800B49429D07BF4008B37E1 /* LaunchScreen.storyboard in Resources */ = {isa = PBXBuildFile; fileRef = 1800B49229D07BF4008B37E1 /* LaunchScreen.storyboard */; };
		1800B49F29D07BF4008B37E1 /* Boone_Apple_PieTests.swift in Sources */ = {isa = PBXBuildFile; fileRef = 1800B49E29D07BF4008B37E1 /* Boone_Apple_PieTests.swift */; };
		1800B4A929D07BF4008B37E1 /* Boone_Apple_PieUITests.swift in Sources */ = {isa = PBXBuildFile; fileRef = 1800B4A829D07BF4008B37E1 /* Boone_Apple_PieUITests.swift */; };
		1800B4AB29D07BF4008B37E1 /* Boone_Apple_PieUITestsLaunchTests.swift in Sources */ = {isa = PBXBuildFile; fileRef = 1800B4AA29D07BF4008B37E1 /* Boone_Apple_PieUITestsLaunchTests.swift */; };
		1800B4B829D08509008B37E1 /* Game.swift in Sources */ = {isa = PBXBuildFile; fileRef = 1800B4B729D08509008B37E1 /* Game.swift */; };
/* End PBXBuildFile section */

/* Begin PBXContainerItemProxy section */
		1800B49B29D07BF4008B37E1 /* PBXContainerItemProxy */ = {
			isa = PBXContainerItemProxy;
			containerPortal = 1800B47C29D07BF3008B37E1 /* Project object */;
			proxyType = 1;
			remoteGlobalIDString = 1800B48329D07BF3008B37E1;
			remoteInfo = "Boone Apple Pie";
		};
		1800B4A529D07BF4008B37E1 /* PBXContainerItemProxy */ = {
			isa = PBXContainerItemProxy;
			containerPortal = 1800B47C29D07BF3008B37E1 /* Project object */;
			proxyType = 1;
			remoteGlobalIDString = 1800B48329D07BF3008B37E1;
			remoteInfo = "Boone Apple Pie";
		};
/* End PBXContainerItemProxy section */

/* Begin PBXFileReference section */
		1800B48429D07BF3008B37E1 /* Boone Apple Pie.app */ = {isa = PBXFileReference; explicitFileType = wrapper.application; includeInIndex = 0; path = "Boone Apple Pie.app"; sourceTree = BUILT_PRODUCTS_DIR; };
		1800B48729D07BF3008B37E1 /* AppDelegate.swift */ = {isa = PBXFileReference; lastKnownFileType = sourcecode.swift; path = AppDelegate.swift; sourceTree = "<group>"; };
		1800B48929D07BF3008B37E1 /* SceneDelegate.swift */ = {isa = PBXFileReference; lastKnownFileType = sourcecode.swift; path = SceneDelegate.swift; sourceTree = "<group>"; };
		1800B48B29D07BF3008B37E1 /* ViewController.swift */ = {isa = PBXFileReference; lastKnownFileType = sourcecode.swift; path = ViewController.swift; sourceTree = "<group>"; };
		1800B48E29D07BF3008B37E1 /* Base */ = {isa = PBXFileReference; lastKnownFileType = file.storyboard; name = Base; path = Base.lproj/Main.storyboard; sourceTree = "<group>"; };
		1800B49029D07BF4008B37E1 /* Assets.xcassets */ = {isa = PBXFileReference; lastKnownFileType = folder.assetcatalog; path = Assets.xcassets; sourceTree = "<group>"; };
		1800B49329D07BF4008B37E1 /* Base */ = {isa = PBXFileReference; lastKnownFileType = file.storyboard; name = Base; path = Base.lproj/LaunchScreen.storyboard; sourceTree = "<group>"; };
		1800B49529D07BF4008B37E1 /* Info.plist */ = {isa = PBXFileReference; lastKnownFileType = text.plist.xml; path = Info.plist; sourceTree = "<group>"; };
		1800B49A29D07BF4008B37E1 /* Boone Apple PieTests.xctest */ = {isa = PBXFileReference; explicitFileType = wrapper.cfbundle; includeInIndex = 0; path = "Boone Apple PieTests.xctest"; sourceTree = BUILT_PRODUCTS_DIR; };
		1800B49E29D07BF4008B37E1 /* Boone_Apple_PieTests.swift */ = {isa = PBXFileReference; lastKnownFileType = sourcecode.swift; path = Boone_Apple_PieTests.swift; sourceTree = "<group>"; };
		1800B4A429D07BF4008B37E1 /* Boone Apple PieUITests.xctest */ = {isa = PBXFileReference; explicitFileType = wrapper.cfbundle; includeInIndex = 0; path = "Boone Apple PieUITests.xctest"; sourceTree = BUILT_PRODUCTS_DIR; };
		1800B4A829D07BF4008B37E1 /* Boone_Apple_PieUITests.swift */ = {isa = PBXFileReference; lastKnownFileType = sourcecode.swift; path = Boone_Apple_PieUITests.swift; sourceTree = "<group>"; };
		1800B4AA29D07BF4008B37E1 /* Boone_Apple_PieUITestsLaunchTests.swift */ = {isa = PBXFileReference; lastKnownFileType = sourcecode.swift; path = Boone_Apple_PieUITestsLaunchTests.swift; sourceTree = "<group>"; };
		1800B4B729D08509008B37E1 /* Game.swift */ = {isa = PBXFileReference; lastKnownFileType = sourcecode.swift; path = Game.swift; sourceTree = "<group>"; };
/* End PBXFileReference section */

/* Begin PBXFrameworksBuildPhase section */
		1800B48129D07BF3008B37E1 /* Frameworks */ = {
			isa = PBXFrameworksBuildPhase;
			buildActionMask = 2147483647;
			files = (
			);
			runOnlyForDeploymentPostprocessing = 0;
		};
		1800B49729D07BF4008B37E1 /* Frameworks */ = {
			isa = PBXFrameworksBuildPhase;
			buildActionMask = 2147483647;
			files = (
			);
			runOnlyForDeploymentPostprocessing = 0;
		};
		1800B4A129D07BF4008B37E1 /* Frameworks */ = {
			isa = PBXFrameworksBuildPhase;
			buildActionMask = 2147483647;
			files = (
			);
			runOnlyForDeploymentPostprocessing = 0;
		};
/* End PBXFrameworksBuildPhase section */

/* Begin PBXGroup section */
		1800B47B29D07BF3008B37E1 = {
			isa = PBXGroup;
			children = (
				1800B48629D07BF3008B37E1 /* Boone Apple Pie */,
				1800B49D29D07BF4008B37E1 /* Boone Apple PieTests */,
				1800B4A729D07BF4008B37E1 /* Boone Apple PieUITests */,
				1800B48529D07BF3008B37E1 /* Products */,
			);
			sourceTree = "<group>";
		};
		1800B48529D07BF3008B37E1 /* Products */ = {
			isa = PBXGroup;
			children = (
				1800B48429D07BF3008B37E1 /* Boone Apple Pie.app */,
				1800B49A29D07BF4008B37E1 /* Boone Apple PieTests.xctest */,
				1800B4A429D07BF4008B37E1 /* Boone Apple PieUITests.xctest */,
			);
			name = Products;
			sourceTree = "<group>";
		};
		1800B48629D07BF3008B37E1 /* Boone Apple Pie */ = {
			isa = PBXGroup;
			children = (
				1800B48729D07BF3008B37E1 /* AppDelegate.swift */,
				1800B48929D07BF3008B37E1 /* SceneDelegate.swift */,
				1800B48B29D07BF3008B37E1 /* ViewController.swift */,
				1800B4B729D08509008B37E1 /* Game.swift */,
				1800B48D29D07BF3008B37E1 /* Main.storyboard */,
				1800B49029D07BF4008B37E1 /* Assets.xcassets */,
				1800B49229D07BF4008B37E1 /* LaunchScreen.storyboard */,
				1800B49529D07BF4008B37E1 /* Info.plist */,
			);
			path = "Boone Apple Pie";
			sourceTree = "<group>";
		};
		1800B49D29D07BF4008B37E1 /* Boone Apple PieTests */ = {
			isa = PBXGroup;
			children = (
				1800B49E29D07BF4008B37E1 /* Boone_Apple_PieTests.swift */,
			);
			path = "Boone Apple PieTests";
			sourceTree = "<group>";
		};
		1800B4A729D07BF4008B37E1 /* Boone Apple PieUITests */ = {
			isa = PBXGroup;
			children = (
				1800B4A829D07BF4008B37E1 /* Boone_Apple_PieUITests.swift */,
				1800B4AA29D07BF4008B37E1 /* Boone_Apple_PieUITestsLaunchTests.swift */,
			);
			path = "Boone Apple PieUITests";
			sourceTree = "<group>";
		};
/* End PBXGroup section */

/* Begin PBXNativeTarget section */
		1800B48329D07BF3008B37E1 /* Boone Apple Pie */ = {
			isa = PBXNativeTarget;
			buildConfigurationList = 1800B4AE29D07BF4008B37E1 /* Build configuration list for PBXNativeTarget "Boone Apple Pie" */;
			buildPhases = (
				1800B48029D07BF3008B37E1 /* Sources */,
				1800B48129D07BF3008B37E1 /* Frameworks */,
				1800B48229D07BF3008B37E1 /* Resources */,
			);
			buildRules = (
			);
			dependencies = (
			);
			name = "Boone Apple Pie";
			productName = "Boone Apple Pie";
			productReference = 1800B48429D07BF3008B37E1 /* Boone Apple Pie.app */;
			productType = "com.apple.product-type.application";
		};
		1800B49929D07BF4008B37E1 /* Boone Apple PieTests */ = {
			isa = PBXNativeTarget;
			buildConfigurationList = 1800B4B129D07BF4008B37E1 /* Build configuration list for PBXNativeTarget "Boone Apple PieTests" */;
			buildPhases = (
				1800B49629D07BF4008B37E1 /* Sources */,
				1800B49729D07BF4008B37E1 /* Frameworks */,
				1800B49829D07BF4008B37E1 /* Resources */,
			);
			buildRules = (
			);
			dependencies = (
				1800B49C29D07BF4008B37E1 /* PBXTargetDependency */,
			);
			name = "Boone Apple PieTests";
			productName = "Boone Apple PieTests";
			productReference = 1800B49A29D07BF4008B37E1 /* Boone Apple PieTests.xctest */;
			productType = "com.apple.product-type.bundle.unit-test";
		};
		1800B4A329D07BF4008B37E1 /* Boone Apple PieUITests */ = {
			isa = PBXNativeTarget;
			buildConfigurationList = 1800B4B429D07BF4008B37E1 /* Build configuration list for PBXNativeTarget "Boone Apple PieUITests" */;
			buildPhases = (
				1800B4A029D07BF4008B37E1 /* Sources */,
				1800B4A129D07BF4008B37E1 /* Frameworks */,
				1800B4A229D07BF4008B37E1 /* Resources */,
			);
			buildRules = (
			);
			dependencies = (
				1800B4A629D07BF4008B37E1 /* PBXTargetDependency */,
			);
			name = "Boone Apple PieUITests";
			productName = "Boone Apple PieUITests";
			productReference = 1800B4A429D07BF4008B37E1 /* Boone Apple PieUITests.xctest */;
			productType = "com.apple.product-type.bundle.ui-testing";
		};
/* End PBXNativeTarget section */

/* Begin PBXProject section */
		1800B47C29D07BF3008B37E1 /* Project object */ = {
			isa = PBXProject;
			attributes = {
				BuildIndependentTargetsInParallel = 1;
				LastSwiftUpdateCheck = 1420;
				LastUpgradeCheck = 1420;
				TargetAttributes = {
					1800B48329D07BF3008B37E1 = {
						CreatedOnToolsVersion = 14.2;
					};
					1800B49929D07BF4008B37E1 = {
						CreatedOnToolsVersion = 14.2;
						TestTargetID = 1800B48329D07BF3008B37E1;
					};
					1800B4A329D07BF4008B37E1 = {
						CreatedOnToolsVersion = 14.2;
						TestTargetID = 1800B48329D07BF3008B37E1;
					};
				};
			};
			buildConfigurationList = 1800B47F29D07BF3008B37E1 /* Build configuration list for PBXProject "Boone Apple Pie" */;
			compatibilityVersion = "Xcode 14.0";
			developmentRegion = en;
			hasScannedForEncodings = 0;
			knownRegions = (
				en,
				Base,
			);
			mainGroup = 1800B47B29D07BF3008B37E1;
			productRefGroup = 1800B48529D07BF3008B37E1 /* Products */;
			projectDirPath = "";
			projectRoot = "";
			targets = (
				1800B48329D07BF3008B37E1 /* Boone Apple Pie */,
				1800B49929D07BF4008B37E1 /* Boone Apple PieTests */,
				1800B4A329D07BF4008B37E1 /* Boone Apple PieUITests */,
			);
		};
/* End PBXProject section */

/* Begin PBXResourcesBuildPhase section */
		1800B48229D07BF3008B37E1 /* Resources */ = {
			isa = PBXResourcesBuildPhase;
			buildActionMask = 2147483647;
			files = (
				1800B49429D07BF4008B37E1 /* LaunchScreen.storyboard in Resources */,
				1800B49129D07BF4008B37E1 /* Assets.xcassets in Resources */,
				1800B48F29D07BF3008B37E1 /* Main.storyboard in Resources */,
			);
			runOnlyForDeploymentPostprocessing = 0;
		};
		1800B49829D07BF4008B37E1 /* Resources */ = {
			isa = PBXResourcesBuildPhase;
			buildActionMask = 2147483647;
			files = (
			);
			runOnlyForDeploymentPostprocessing = 0;
		};
		1800B4A229D07BF4008B37E1 /* Resources */ = {
			isa = PBXResourcesBuildPhase;
			buildActionMask = 2147483647;
			files = (
			);
			runOnlyForDeploymentPostprocessing = 0;
		};
/* End PBXResourcesBuildPhase section */

/* Begin PBXSourcesBuildPhase section */
		1800B48029D07BF3008B37E1 /* Sources */ = {
			isa = PBXSourcesBuildPhase;
			buildActionMask = 2147483647;
			files = (
				1800B48C29D07BF3008B37E1 /* ViewController.swift in Sources */,
				1800B48829D07BF3008B37E1 /* AppDelegate.swift in Sources */,
				1800B48A29D07BF3008B37E1 /* SceneDelegate.swift in Sources */,
				1800B4B829D08509008B37E1 /* Game.swift in Sources */,
			);
			runOnlyForDeploymentPostprocessing = 0;
		};
		1800B49629D07BF4008B37E1 /* Sources */ = {
			isa = PBXSourcesBuildPhase;
			buildActionMask = 2147483647;
			files = (
				1800B49F29D07BF4008B37E1 /* Boone_Apple_PieTests.swift in Sources */,
			);
			runOnlyForDeploymentPostprocessing = 0;
		};
		1800B4A029D07BF4008B37E1 /* Sources */ = {
			isa = PBXSourcesBuildPhase;
			buildActionMask = 2147483647;
			files = (
				1800B4AB29D07BF4008B37E1 /* Boone_Apple_PieUITestsLaunchTests.swift in Sources */,
				1800B4A929D07BF4008B37E1 /* Boone_Apple_PieUITests.swift in Sources */,
			);
			runOnlyForDeploymentPostprocessing = 0;
		};
/* End PBXSourcesBuildPhase section */

/* Begin PBXTargetDependency section */
		1800B49C29D07BF4008B37E1 /* PBXTargetDependency */ = {
			isa = PBXTargetDependency;
			target = 1800B48329D07BF3008B37E1 /* Boone Apple Pie */;
			targetProxy = 1800B49B29D07BF4008B37E1 /* PBXContainerItemProxy */;
		};
		1800B4A629D07BF4008B37E1 /* PBXTargetDependency */ = {
			isa = PBXTargetDependency;
			target = 1800B48329D07BF3008B37E1 /* Boone Apple Pie */;
			targetProxy = 1800B4A529D07BF4008B37E1 /* PBXContainerItemProxy */;
		};
/* End PBXTargetDependency section */

/* Begin PBXVariantGroup section */
		1800B48D29D07BF3008B37E1 /* Main.storyboard */ = {
			isa = PBXVariantGroup;
			children = (
				1800B48E29D07BF3008B37E1 /* Base */,
			);
			name = Main.storyboard;
			sourceTree = "<group>";
		};
		1800B49229D07BF4008B37E1 /* LaunchScreen.storyboard */ = {
			isa = PBXVariantGroup;
			children = (
				1800B49329D07BF4008B37E1 /* Base */,
			);
			name = LaunchScreen.storyboard;
			sourceTree = "<group>";
		};
/* End PBXVariantGroup section */

/* Begin XCBuildConfiguration section */
		1800B4AC29D07BF4008B37E1 /* Debug */ = {
			isa = XCBuildConfiguration;
			buildSettings = {
				ALWAYS_SEARCH_USER_PATHS = NO;
				CLANG_ANALYZER_NONNULL = YES;
				CLANG_ANALYZER_NUMBER_OBJECT_CONVERSION = YES_AGGRESSIVE;
				CLANG_CXX_LANGUAGE_STANDARD = "gnu++20";
				CLANG_ENABLE_MODULES = YES;
				CLANG_ENABLE_OBJC_ARC = YES;
				CLANG_ENABLE_OBJC_WEAK = YES;
				CLANG_WARN_BLOCK_CAPTURE_AUTORELEASING = YES;
				CLANG_WARN_BOOL_CONVERSION = YES;
				CLANG_WARN_COMMA = YES;
				CLANG_WARN_CONSTANT_CONVERSION = YES;
				CLANG_WARN_DEPRECATED_OBJC_IMPLEMENTATIONS = YES;
				CLANG_WARN_DIRECT_OBJC_ISA_USAGE = YES_ERROR;
				CLANG_WARN_DOCUMENTATION_COMMENTS = YES;
				CLANG_WARN_EMPTY_BODY = YES;
				CLANG_WARN_ENUM_CONVERSION = YES;
				CLANG_WARN_INFINITE_RECURSION = YES;
				CLANG_WARN_INT_CONVERSION = YES;
				CLANG_WARN_NON_LITERAL_NULL_CONVERSION = YES;
				CLANG_WARN_OBJC_IMPLICIT_RETAIN_SELF = YES;
				CLANG_WARN_OBJC_LITERAL_CONVERSION = YES;
				CLANG_WARN_OBJC_ROOT_CLASS = YES_ERROR;
				CLANG_WARN_QUOTED_INCLUDE_IN_FRAMEWORK_HEADER = YES;
				CLANG_WARN_RANGE_LOOP_ANALYSIS = YES;
				CLANG_WARN_STRICT_PROTOTYPES = YES;
				CLANG_WARN_SUSPICIOUS_MOVE = YES;
				CLANG_WARN_UNGUARDED_AVAILABILITY = YES_AGGRESSIVE;
				CLANG_WARN_UNREACHABLE_CODE = YES;
				CLANG_WARN__DUPLICATE_METHOD_MATCH = YES;
				COPY_PHASE_STRIP = NO;
				DEBUG_INFORMATION_FORMAT = dwarf;
				ENABLE_STRICT_OBJC_MSGSEND = YES;
				ENABLE_TESTABILITY = YES;
				GCC_C_LANGUAGE_STANDARD = gnu11;
				GCC_DYNAMIC_NO_PIC = NO;
				GCC_NO_COMMON_BLOCKS = YES;
				GCC_OPTIMIZATION_LEVEL = 0;
				GCC_PREPROCESSOR_DEFINITIONS = (
					"DEBUG=1",
					"$(inherited)",
				);
				GCC_WARN_64_TO_32_BIT_CONVERSION = YES;
				GCC_WARN_ABOUT_RETURN_TYPE = YES_ERROR;
				GCC_WARN_UNDECLARED_SELECTOR = YES;
				GCC_WARN_UNINITIALIZED_AUTOS = YES_AGGRESSIVE;
				GCC_WARN_UNUSED_FUNCTION = YES;
				GCC_WARN_UNUSED_VARIABLE = YES;
				IPHONEOS_DEPLOYMENT_TARGET = 16.2;
				MTL_ENABLE_DEBUG_INFO = INCLUDE_SOURCE;
				MTL_FAST_MATH = YES;
				ONLY_ACTIVE_ARCH = YES;
				SDKROOT = iphoneos;
				SWIFT_ACTIVE_COMPILATION_CONDITIONS = DEBUG;
				SWIFT_OPTIMIZATION_LEVEL = "-Onone";
			};
			name = Debug;
		};
		1800B4AD29D07BF4008B37E1 /* Release */ = {
			isa = XCBuildConfiguration;
			buildSettings = {
				ALWAYS_SEARCH_USER_PATHS = NO;
				CLANG_ANALYZER_NONNULL = YES;
				CLANG_ANALYZER_NUMBER_OBJECT_CONVERSION = YES_AGGRESSIVE;
				CLANG_CXX_LANGUAGE_STANDARD = "gnu++20";
				CLANG_ENABLE_MODULES = YES;
				CLANG_ENABLE_OBJC_ARC = YES;
				CLANG_ENABLE_OBJC_WEAK = YES;
				CLANG_WARN_BLOCK_CAPTURE_AUTORELEASING = YES;
				CLANG_WARN_BOOL_CONVERSION = YES;
				CLANG_WARN_COMMA = YES;
				CLANG_WARN_CONSTANT_CONVERSION = YES;
				CLANG_WARN_DEPRECATED_OBJC_IMPLEMENTATIONS = YES;
				CLANG_WARN_DIRECT_OBJC_ISA_USAGE = YES_ERROR;
				CLANG_WARN_DOCUMENTATION_COMMENTS = YES;
				CLANG_WARN_EMPTY_BODY = YES;
				CLANG_WARN_ENUM_CONVERSION = YES;
				CLANG_WARN_INFINITE_RECURSION = YES;
				CLANG_WARN_INT_CONVERSION = YES;
				CLANG_WARN_NON_LITERAL_NULL_CONVERSION = YES;
				CLANG_WARN_OBJC_IMPLICIT_RETAIN_SELF = YES;
				CLANG_WARN_OBJC_LITERAL_CONVERSION = YES;
				CLANG_WARN_OBJC_ROOT_CLASS = YES_ERROR;
				CLANG_WARN_QUOTED_INCLUDE_IN_FRAMEWORK_HEADER = YES;
				CLANG_WARN_RANGE_LOOP_ANALYSIS = YES;
				CLANG_WARN_STRICT_PROTOTYPES = YES;
				CLANG_WARN_SUSPICIOUS_MOVE = YES;
				CLANG_WARN_UNGUARDED_AVAILABILITY = YES_AGGRESSIVE;
				CLANG_WARN_UNREACHABLE_CODE = YES;
				CLANG_WARN__DUPLICATE_METHOD_MATCH = YES;
				COPY_PHASE_STRIP = NO;
				DEBUG_INFORMATION_FORMAT = "dwarf-with-dsym";
				ENABLE_NS_ASSERTIONS = NO;
				ENABLE_STRICT_OBJC_MSGSEND = YES;
				GCC_C_LANGUAGE_STANDARD = gnu11;
				GCC_NO_COMMON_BLOCKS = YES;
				GCC_WARN_64_TO_32_BIT_CONVERSION = YES;
				GCC_WARN_ABOUT_RETURN_TYPE = YES_ERROR;
				GCC_WARN_UNDECLARED_SELECTOR = YES;
				GCC_WARN_UNINITIALIZED_AUTOS = YES_AGGRESSIVE;
				GCC_WARN_UNUSED_FUNCTION = YES;
				GCC_WARN_UNUSED_VARIABLE = YES;
				IPHONEOS_DEPLOYMENT_TARGET = 16.2;
				MTL_ENABLE_DEBUG_INFO = NO;
				MTL_FAST_MATH = YES;
				SDKROOT = iphoneos;
				SWIFT_COMPILATION_MODE = wholemodule;
				SWIFT_OPTIMIZATION_LEVEL = "-O";
				VALIDATE_PRODUCT = YES;
			};
			name = Release;
		};
		1800B4AF29D07BF4008B37E1 /* Debug */ = {
			isa = XCBuildConfiguration;
			buildSettings = {
				ASSETCATALOG_COMPILER_APPICON_NAME = AppIcon;
				ASSETCATALOG_COMPILER_GLOBAL_ACCENT_COLOR_NAME = AccentColor;
				CODE_SIGN_STYLE = Automatic;
				CURRENT_PROJECT_VERSION = 1;
				DEVELOPMENT_TEAM = MP8DM6F98N;
				GENERATE_INFOPLIST_FILE = YES;
				INFOPLIST_FILE = "Boone Apple Pie/Info.plist";
				INFOPLIST_KEY_UIApplicationSupportsIndirectInputEvents = YES;
				INFOPLIST_KEY_UILaunchStoryboardName = LaunchScreen;
				INFOPLIST_KEY_UIMainStoryboardFile = Main;
				INFOPLIST_KEY_UISupportedInterfaceOrientations_iPad = "UIInterfaceOrientationPortrait UIInterfaceOrientationPortraitUpsideDown UIInterfaceOrientationLandscapeLeft UIInterfaceOrientationLandscapeRight";
				INFOPLIST_KEY_UISupportedInterfaceOrientations_iPhone = "UIInterfaceOrientationPortrait UIInterfaceOrientationLandscapeLeft UIInterfaceOrientationLandscapeRight";
				LD_RUNPATH_SEARCH_PATHS = (
					"$(inherited)",
					"@executable_path/Frameworks",
				);
				MARKETING_VERSION = 1.0;
				PRODUCT_BUNDLE_IDENTIFIER = "DkairiBoone.Boone-Apple-Pie";
				PRODUCT_NAME = "$(TARGET_NAME)";
				SUPPORTED_PLATFORMS = "iphoneos iphonesimulator";
				SUPPORTS_MACCATALYST = NO;
				SUPPORTS_MAC_DESIGNED_FOR_IPHONE_IPAD = NO;
				SWIFT_EMIT_LOC_STRINGS = YES;
				SWIFT_VERSION = 5.0;
				TARGETED_DEVICE_FAMILY = 2;
			};
			name = Debug;
		};
		1800B4B029D07BF4008B37E1 /* Release */ = {
			isa = XCBuildConfiguration;
			buildSettings = {
				ASSETCATALOG_COMPILER_APPICON_NAME = AppIcon;
				ASSETCATALOG_COMPILER_GLOBAL_ACCENT_COLOR_NAME = AccentColor;
				CODE_SIGN_STYLE = Automatic;
				CURRENT_PROJECT_VERSION = 1;
				DEVELOPMENT_TEAM = MP8DM6F98N;
				GENERATE_INFOPLIST_FILE = YES;
				INFOPLIST_FILE = "Boone Apple Pie/Info.plist";
				INFOPLIST_KEY_UIApplicationSupportsIndirectInputEvents = YES;
				INFOPLIST_KEY_UILaunchStoryboardName = LaunchScreen;
				INFOPLIST_KEY_UIMainStoryboardFile = Main;
				INFOPLIST_KEY_UISupportedInterfaceOrientations_iPad = "UIInterfaceOrientationPortrait UIInterfaceOrientationPortraitUpsideDown UIInterfaceOrientationLandscapeLeft UIInterfaceOrientationLandscapeRight";
				INFOPLIST_KEY_UISupportedInterfaceOrientations_iPhone = "UIInterfaceOrientationPortrait UIInterfaceOrientationLandscapeLeft UIInterfaceOrientationLandscapeRight";
				LD_RUNPATH_SEARCH_PATHS = (
					"$(inherited)",
					"@executable_path/Frameworks",
				);
				MARKETING_VERSION = 1.0;
				PRODUCT_BUNDLE_IDENTIFIER = "DkairiBoone.Boone-Apple-Pie";
				PRODUCT_NAME = "$(TARGET_NAME)";
				SUPPORTED_PLATFORMS = "iphoneos iphonesimulator";
				SUPPORTS_MACCATALYST = NO;
				SUPPORTS_MAC_DESIGNED_FOR_IPHONE_IPAD = NO;
				SWIFT_EMIT_LOC_STRINGS = YES;
				SWIFT_VERSION = 5.0;
				TARGETED_DEVICE_FAMILY = 2;
			};
			name = Release;
		};
		1800B4B229D07BF4008B37E1 /* Debug */ = {
			isa = XCBuildConfiguration;
			buildSettings = {
				ALWAYS_EMBED_SWIFT_STANDARD_LIBRARIES = YES;
				BUNDLE_LOADER = "$(TEST_HOST)";
				CODE_SIGN_STYLE = Automatic;
				CURRENT_PROJECT_VERSION = 1;
				DEVELOPMENT_TEAM = MP8DM6F98N;
				GENERATE_INFOPLIST_FILE = YES;
				IPHONEOS_DEPLOYMENT_TARGET = 16.2;
				MARKETING_VERSION = 1.0;
				PRODUCT_BUNDLE_IDENTIFIER = "DkairiBoone.Boone-Apple-PieTests";
				PRODUCT_NAME = "$(TARGET_NAME)";
				SWIFT_EMIT_LOC_STRINGS = NO;
				SWIFT_VERSION = 5.0;
				TARGETED_DEVICE_FAMILY = "1,2";
				TEST_HOST = "$(BUILT_PRODUCTS_DIR)/Boone Apple Pie.app/$(BUNDLE_EXECUTABLE_FOLDER_PATH)/Boone Apple Pie";
			};
			name = Debug;
		};
		1800B4B329D07BF4008B37E1 /* Release */ = {
			isa = XCBuildConfiguration;
			buildSettings = {
				ALWAYS_EMBED_SWIFT_STANDARD_LIBRARIES = YES;
				BUNDLE_LOADER = "$(TEST_HOST)";
				CODE_SIGN_STYLE = Automatic;
				CURRENT_PROJECT_VERSION = 1;
				DEVELOPMENT_TEAM = MP8DM6F98N;
				GENERATE_INFOPLIST_FILE = YES;
				IPHONEOS_DEPLOYMENT_TARGET = 16.2;
				MARKETING_VERSION = 1.0;
				PRODUCT_BUNDLE_IDENTIFIER = "DkairiBoone.Boone-Apple-PieTests";
				PRODUCT_NAME = "$(TARGET_NAME)";
				SWIFT_EMIT_LOC_STRINGS = NO;
				SWIFT_VERSION = 5.0;
				TARGETED_DEVICE_FAMILY = "1,2";
				TEST_HOST = "$(BUILT_PRODUCTS_DIR)/Boone Apple Pie.app/$(BUNDLE_EXECUTABLE_FOLDER_PATH)/Boone Apple Pie";
			};
			name = Release;
		};
		1800B4B529D07BF4008B37E1 /* Debug */ = {
			isa = XCBuildConfiguration;
			buildSettings = {
				ALWAYS_EMBED_SWIFT_STANDARD_LIBRARIES = YES;
				CODE_SIGN_STYLE = Automatic;
				CURRENT_PROJECT_VERSION = 1;
				DEVELOPMENT_TEAM = MP8DM6F98N;
				GENERATE_INFOPLIST_FILE = YES;
				MARKETING_VERSION = 1.0;
				PRODUCT_BUNDLE_IDENTIFIER = "DkairiBoone.Boone-Apple-PieUITests";
				PRODUCT_NAME = "$(TARGET_NAME)";
				SWIFT_EMIT_LOC_STRINGS = NO;
				SWIFT_VERSION = 5.0;
				TARGETED_DEVICE_FAMILY = "1,2";
				TEST_TARGET_NAME = "Boone Apple Pie";
			};
			name = Debug;
		};
		1800B4B629D07BF4008B37E1 /* Release */ = {
			isa = XCBuildConfiguration;
			buildSettings = {
				ALWAYS_EMBED_SWIFT_STANDARD_LIBRARIES = YES;
				CODE_SIGN_STYLE = Automatic;
				CURRENT_PROJECT_VERSION = 1;
				DEVELOPMENT_TEAM = MP8DM6F98N;
				GENERATE_INFOPLIST_FILE = YES;
				MARKETING_VERSION = 1.0;
				PRODUCT_BUNDLE_IDENTIFIER = "DkairiBoone.Boone-Apple-PieUITests";
				PRODUCT_NAME = "$(TARGET_NAME)";
				SWIFT_EMIT_LOC_STRINGS = NO;
				SWIFT_VERSION = 5.0;
				TARGETED_DEVICE_FAMILY = "1,2";
				TEST_TARGET_NAME = "Boone Apple Pie";
			};
			name = Release;
		};
/* End XCBuildConfiguration section */

/* Begin XCConfigurationList section */
		1800B47F29D07BF3008B37E1 /* Build configuration list for PBXProject "Boone Apple Pie" */ = {
			isa = XCConfigurationList;
			buildConfigurations = (
				1800B4AC29D07BF4008B37E1 /* Debug */,
				1800B4AD29D07BF4008B37E1 /* Release */,
			);
			defaultConfigurationIsVisible = 0;
			defaultConfigurationName = Release;
		};
		1800B4AE29D07BF4008B37E1 /* Build configuration list for PBXNativeTarget "Boone Apple Pie" */ = {
			isa = XCConfigurationList;
			buildConfigurations = (
				1800B4AF29D07BF4008B37E1 /* Debug */,
				1800B4B029D07BF4008B37E1 /* Release */,
			);
			defaultConfigurationIsVisible = 0;
			defaultConfigurationName = Release;
		};
		1800B4B129D07BF4008B37E1 /* Build configuration list for PBXNativeTarget "Boone Apple PieTests" */ = {
			isa = XCConfigurationList;
			buildConfigurations = (
				1800B4B229D07BF4008B37E1 /* Debug */,
				1800B4B329D07BF4008B37E1 /* Release */,
			);
			defaultConfigurationIsVisible = 0;
			defaultConfigurationName = Release;
		};
		1800B4B429D07BF4008B37E1 /* Build configuration list for PBXNativeTarget "Boone Apple PieUITests" */ = {
			isa = XCConfigurationList;
			buildConfigurations = (
				1800B4B529D07BF4008B37E1 /* Debug */,
				1800B4B629D07BF4008B37E1 /* Release */,
			);
			defaultConfigurationIsVisible = 0;
			defaultConfigurationName = Release;
		};
/* End XCConfigurationList section */
	};
	rootObject = 1800B47C29D07BF3008B37E1 /* Project object */;
}
